
Microsoft Visual Studio Solution File, Format Version 12.00
# Visual Studio 15
VisualStudioVersion = 15.0.28307.1082
MinimumVisualStudioVersion = 10.0.40219.1
Project("{FAE04EC0-301F-11D3-BF4B-00C04F79EFBC}") = "AVXcheck", "AVXcheck\AVXcheck.csproj", "{70998A29-5954-4893-A4EC-6A9A878A7B35}"
EndProject
Global
	GlobalSection(SolutionConfigurationPlatforms) = preSolution
		Debug|Any CPU = Debug|Any CPU
		Release|Any CPU = Release|Any CPU
	EndGlobalSection
	GlobalSection(ProjectConfigurationPlatforms) = postSolution
		{70998A29-5954-4893-A4EC-6A9A878A7B35}.Debug|Any CPU.ActiveCfg = Debug|Any CPU
		{70998A29-5954-4893-A4EC-6A9A878A7B35}.Debug|Any CPU.Build.0 = Debug|Any CPU
		{70998A29-5954-4893-A4EC-6A9A878A7B35}.Release|Any CPU.ActiveCfg = Release|Any CPU
		{70998A29-5954-4893-A4EC-6A9A878A7B35}.Release|Any CPU.Build.0 = Release|Any CPU
	EndGlobalSection
	GlobalSection(SolutionProperties) = preSolution
		HideSolutionNode = FALSE
	EndGlobalSection
	GlobalSection(ExtensibilityGlobals) = postSolution
		SolutionGuid = {BD39DFD8-277C-496D-8E99-11DC2E0DD0BC}
	EndGlobalSection
EndGlobal
